
Microsoft Visual Studio Solution File, Format Version 12.00
# Visual Studio 14
VisualStudioVersion = 14.0.25420.1
MinimumVisualStudioVersion = 10.0.40219.1
Project("{FAE04EC0-301F-11D3-BF4B-00C04F79EFBC}") = "LAM_SHOP.Common", "LAM_SHOP.Common\LAM_SHOP.Common.csproj", "{C748239B-854D-4F38-8DFD-3037B07AC90F}"
EndProject
Project("{FAE04EC0-301F-11D3-BF4B-00C04F79EFBC}") = "LAM_SHOP.Model", "LAM_SHOP.Model\LAM_SHOP.Model.csproj", "{1B21D1A0-4D93-49CF-A707-98A762728366}"
EndProject
Project("{FAE04EC0-301F-11D3-BF4B-00C04F79EFBC}") = "LAM_SHOP.Data", "LAM_SHOP.Data\LAM_SHOP.Data.csproj", "{4D362C13-1E67-4D45-977C-42C99F613203}"
EndProject
Project("{FAE04EC0-301F-11D3-BF4B-00C04F79EFBC}") = "LAM_SHOP.Service", "LAM_SHOP.Service\LAM_SHOP.Service.csproj", "{189A3655-1958-49CB-A246-5DB1A43D77E1}"
EndProject
Project("{FAE04EC0-301F-11D3-BF4B-00C04F79EFBC}") = "LAM_SHOP.UnitTest", "LAM_SHOP.UnitTest\LAM_SHOP.UnitTest.csproj", "{48915B80-4A6B-4AAE-861D-3BB02BC2CCA6}"
EndProject
Project("{FAE04EC0-301F-11D3-BF4B-00C04F79EFBC}") = "LAM_SHOP.Web", "LAM_SHOP.Web\LAM_SHOP.Web.csproj", "{198E9A7C-4E3E-430B-AE59-08BD0234651C}"
EndProject
Global
	GlobalSection(SolutionConfigurationPlatforms) = preSolution
		Debug|Any CPU = Debug|Any CPU
		Release|Any CPU = Release|Any CPU
	EndGlobalSection
	GlobalSection(ProjectConfigurationPlatforms) = postSolution
		{C748239B-854D-4F38-8DFD-3037B07AC90F}.Debug|Any CPU.ActiveCfg = Debug|Any CPU
		{C748239B-854D-4F38-8DFD-3037B07AC90F}.Debug|Any CPU.Build.0 = Debug|Any CPU
		{C748239B-854D-4F38-8DFD-3037B07AC90F}.Release|Any CPU.ActiveCfg = Release|Any CPU
		{C748239B-854D-4F38-8DFD-3037B07AC90F}.Release|Any CPU.Build.0 = Release|Any CPU
		{1B21D1A0-4D93-49CF-A707-98A762728366}.Debug|Any CPU.ActiveCfg = Debug|Any CPU
		{1B21D1A0-4D93-49CF-A707-98A762728366}.Debug|Any CPU.Build.0 = Debug|Any CPU
		{1B21D1A0-4D93-49CF-A707-98A762728366}.Release|Any CPU.ActiveCfg = Release|Any CPU
		{1B21D1A0-4D93-49CF-A707-98A762728366}.Release|Any CPU.Build.0 = Release|Any CPU
		{4D362C13-1E67-4D45-977C-42C99F613203}.Debug|Any CPU.ActiveCfg = Debug|Any CPU
		{4D362C13-1E67-4D45-977C-42C99F613203}.Debug|Any CPU.Build.0 = Debug|Any CPU
		{4D362C13-1E67-4D45-977C-42C99F613203}.Release|Any CPU.ActiveCfg = Release|Any CPU
		{4D362C13-1E67-4D45-977C-42C99F613203}.Release|Any CPU.Build.0 = Release|Any CPU
		{189A3655-1958-49CB-A246-5DB1A43D77E1}.Debug|Any CPU.ActiveCfg = Debug|Any CPU
		{189A3655-1958-49CB-A246-5DB1A43D77E1}.Debug|Any CPU.Build.0 = Debug|Any CPU
		{189A3655-1958-49CB-A246-5DB1A43D77E1}.Release|Any CPU.ActiveCfg = Release|Any CPU
		{189A3655-1958-49CB-A246-5DB1A43D77E1}.Release|Any CPU.Build.0 = Release|Any CPU
		{48915B80-4A6B-4AAE-861D-3BB02BC2CCA6}.Debug|Any CPU.ActiveCfg = Debug|Any CPU
		{48915B80-4A6B-4AAE-861D-3BB02BC2CCA6}.Debug|Any CPU.Build.0 = Debug|Any CPU
		{48915B80-4A6B-4AAE-861D-3BB02BC2CCA6}.Release|Any CPU.ActiveCfg = Release|Any CPU
		{48915B80-4A6B-4AAE-861D-3BB02BC2CCA6}.Release|Any CPU.Build.0 = Release|Any CPU
		{198E9A7C-4E3E-430B-AE59-08BD0234651C}.Debug|Any CPU.ActiveCfg = Debug|Any CPU
		{198E9A7C-4E3E-430B-AE59-08BD0234651C}.Debug|Any CPU.Build.0 = Debug|Any CPU
		{198E9A7C-4E3E-430B-AE59-08BD0234651C}.Release|Any CPU.ActiveCfg = Release|Any CPU
		{198E9A7C-4E3E-430B-AE59-08BD0234651C}.Release|Any CPU.Build.0 = Release|Any CPU
	EndGlobalSection
	GlobalSection(SolutionProperties) = preSolution
		HideSolutionNode = FALSE
	EndGlobalSection
EndGlobal
